<?xml version="1.0" encoding="utf-8"?>
<Project ToolsVersion="4.0" xmlns="http://schemas.microsoft.com/developer/msbuild/2003">
  <ItemGroup>
    <Filter Include="Source Files">
      <UniqueIdentifier>{4FC737F1-C7A5-4376-A066-2A32D752A2FF}</UniqueIdentifier>
      <Extensions>cpp;c;cc;cxx;def;odl;idl;hpj;bat;asm;asmx</Extensions>
    </Filter>
    <Filter Include="Header Files">
      <UniqueIdentifier>{93995380-89BD-4b04-88EB-625FBE52EBFB}</UniqueIdentifier>
      <Extensions>h;hh;hpp;hxx;hm;inl;inc;ipp;xsd</Extensions>
    </Filter>
    <Filter Include="Resource Files">
      <UniqueIdentifier>{67DA6AB6-F800-4c08-8B7A-83BB121AAD01}</UniqueIdentifier>
      <Extensions>rc;ico;cur;bmp;dlg;rc2;rct;bin;rgs;gif;jpg;jpeg;jpe;resx;tiff;tif;png;wav;mfcribbon-ms</Extensions>
    </Filter>
    <Filter Include="Header Files\Engine">
      <UniqueIdentifier>{0f085cfb-c94b-4ffe-9013-f615eda087f2}</UniqueIdentifier>
    </Filter>
    <Filter Include="Source Files\Engine">
      <UniqueIdentifier>{17656b1b-7215-4a60-b7f3-25cbf4df55d5}</UniqueIdentifier>
    </Filter>
    <Filter Include="Source Files\Engine\Window">
      <UniqueIdentifier>{000faf4d-7469-4f5c-92a8-9fe66d03be32}</UniqueIdentifier>
    </Filter>
    <Filter Include="Header Files\Engine\Window">
      <UniqueIdentifier>{c3fef66d-182a-4a96-9169-2d1fc3499948}</UniqueIdentifier>
    </Filter>
    <Filter Include="Header Files\Helper">
      <UniqueIdentifier>{b336e5cf-ed7c-4a9e-8aaa-b8f16f67f712}</UniqueIdentifier>
    </Filter>
    <Filter Include="Source Files\Engine\Input">
      <UniqueIdentifier>{206acc09-2463-47a1-b746-64fad5eaef54}</UniqueIdentifier>
    </Filter>
    <Filter Include="Header Files\Engine\Input">
      <UniqueIdentifier>{fa95ca21-6d5c-484f-9639-f447b8855acf}</UniqueIdentifier>
    </Filter>
    <Filter Include="Header Files\Engine\Events">
      <UniqueIdentifier>{e89230d1-7a64-46e9-aacc-b020e202fa4a}</UniqueIdentifier>
    </Filter>
    <Filter Include="Source Files\Engine\Events">
      <UniqueIdentifier>{eaaeb63a-e29c-46e6-bb01-c82b9b6312aa}</UniqueIdentifier>
    </Filter>
    <Filter Include="Header Files\Engine\ExternalTools">
      <UniqueIdentifier>{8e49fdd3-db32-4e65-a910-94ac6c6709ab}</UniqueIdentifier>
    </Filter>
    <Filter Include="Header Files\Engine\Graphics">
      <UniqueIdentifier>{bde0d7ae-8f20-4902-b4bf-eca2ff3b8b21}</UniqueIdentifier>
    </Filter>
    <Filter Include="Source Files\Engine\Graphics">
      <UniqueIdentifier>{df77ea63-d9c7-4e40-aafa-0946e462be55}</UniqueIdentifier>
    </Filter>
    <Filter Include="Source Files\Engine\Components">
      <UniqueIdentifier>{52c21c04-27c8-42d2-a449-8661bc5ae2b8}</UniqueIdentifier>
    </Filter>
    <Filter Include="Header Files\Engine\Components">
      <UniqueIdentifier>{138391c6-1aef-4231-a3f7-a64bc1d1a37a}</UniqueIdentifier>
    </Filter>
    <Filter Include="Header Files\Engine\EngineStates">
      <UniqueIdentifier>{e8c02257-1773-4c6f-8dec-bfdbf9d0108f}</UniqueIdentifier>
    </Filter>
  </ItemGroup>
  <ItemGroup>
    <ClCompile Include="main.cpp">
      <Filter>Source Files</Filter>
    </ClCompile>
    <ClCompile Include="Engine\Engine.cpp">
      <Filter>Source Files\Engine</Filter>
    </ClCompile>
    <ClCompile Include="Engine\Window\WindowManager.cpp">
      <Filter>Source Files\Engine\Window</Filter>
    </ClCompile>
    <ClCompile Include="Engine\Input\InputManager.cpp">
      <Filter>Source Files\Engine\Input</Filter>
    </ClCompile>
    <ClCompile Include="Engine\Events\EventManager.cpp">
      <Filter>Source Files\Engine\Events</Filter>
    </ClCompile>
    <ClCompile Include="Engine\Events\Events.cpp">
      <Filter>Source Files\Engine\Events</Filter>
    </ClCompile>
    <ClCompile Include="Engine\Events\IEventManager.cpp">
      <Filter>Source Files\Engine\Events</Filter>
    </ClCompile>
    <ClCompile Include="Engine\Graphics\GraphicsManager.cpp">
      <Filter>Source Files\Engine\Graphics</Filter>
    </ClCompile>
    <ClCompile Include="Engine\Components\Gameobject.cpp">
      <Filter>Source Files\Engine\Components</Filter>
    </ClCompile>
    <ClCompile Include="Engine\Components\RenderComponent.cpp">
      <Filter>Source Files\Engine\Components</Filter>
    </ClCompile>
    <ClCompile Include="Engine\Components\Transform.cpp">
      <Filter>Source Files\Engine\Components</Filter>
    </ClCompile>
    <ClCompile Include="Engine\Components\BaseComponent.cpp">
      <Filter>Source Files\Engine\Components</Filter>
    </ClCompile>
  </ItemGroup>
  <ItemGroup>
    <ClInclude Include="Engine\Engine.h">
      <Filter>Header Files\Engine</Filter>
    </ClInclude>
    <ClInclude Include="Helper\BaseSingleton.h">
      <Filter>Header Files\Helper</Filter>
    </ClInclude>
    <ClInclude Include="Helper\SysCheck.h">
      <Filter>Header Files\Helper</Filter>
    </ClInclude>
    <ClInclude Include="Engine\Window\WindowManager.h">
      <Filter>Header Files\Engine\Window</Filter>
    </ClInclude>
    <ClInclude Include="Engine\Input\InputManager.h">
      <Filter>Header Files\Engine\Input</Filter>
    </ClInclude>
    <ClInclude Include="Engine\Events\EventManager.h">
      <Filter>Header Files\Engine\Events</Filter>
    </ClInclude>
    <ClInclude Include="Engine\Events\Events.h">
      <Filter>Header Files\Engine\Events</Filter>
    </ClInclude>
    <ClInclude Include="Engine\Events\IEventManager.h">
      <Filter>Header Files\Engine\Events</Filter>
    </ClInclude>
    <ClInclude Include="ExternalTools\FastDelegate.h">
      <Filter>Header Files\Engine\ExternalTools</Filter>
    </ClInclude>
    <ClInclude Include="Engine\Graphics\GraphicsManager.h">
      <Filter>Header Files\Engine\Graphics</Filter>
    </ClInclude>
    <ClInclude Include="Engine\Components\Gameobject.h">
      <Filter>Header Files\Engine\Components</Filter>
    </ClInclude>
    <ClInclude Include="Engine\Components\Transform.h">
      <Filter>Header Files\Engine\Components</Filter>
    </ClInclude>
    <ClInclude Include="Engine\Components\RenderComponent.h">
      <Filter>Header Files\Engine\Components</Filter>
    </ClInclude>
    <ClInclude Include="Engine\Components\BaseComponent.h">
      <Filter>Header Files\Engine\Components</Filter>
    </ClInclude>
    <ClInclude Include="Engine\EngineStates\EngineState.h">
      <Filter>Header Files\Engine\EngineStates</Filter>
    </ClInclude>
  </ItemGroup>
</Project>