<?xml version="1.0" encoding="utf-8"?>
<Project ToolsVersion="4.0" xmlns="http://schemas.microsoft.com/developer/msbuild/2003">
  <ItemGroup>
    <Filter Include="Common">
      <UniqueIdentifier>6eed7116-7628-4da5-8414-23c882d1fe0e</UniqueIdentifier>
    </Filter>
    <Filter Include="Assets">
      <UniqueIdentifier>0d774c81-4c68-4fbe-846e-40d4fc95fa54</UniqueIdentifier>
      <Extensions>bmp;fbx;gif;jpg;jpeg;tga;tiff;tif;png</Extensions>
    </Filter>
    <Filter Include="Content">
      <UniqueIdentifier>dba061eb-3bbf-4743-b56b-54775cac8561</UniqueIdentifier>
    </Filter>
    <ClInclude Include="Common\d3dx12.h">
      <Filter>Common</Filter>
    </ClInclude>
    <ClInclude Include="Common\DirectXHelper.h">
      <Filter>Common</Filter>
    </ClInclude>
    <ClInclude Include="Common\StepTimer.h">
      <Filter>Common</Filter>
    </ClInclude>
    <ClInclude Include="Common\DeviceResources.h">
      <Filter>Common</Filter>
    </ClInclude>
    <ClCompile Include="Common\DeviceResources.cpp">
      <Filter>Common</Filter>
    </ClCompile>
    <ClInclude Include="Content\Sample3DSceneRenderer.h">
      <Filter>Content</Filter>
    </ClInclude>
    <ClInclude Include="Content\ShaderStructures.h">
      <Filter>Content</Filter>
    </ClInclude>
    <ClCompile Include="Content\Sample3DSceneRenderer.cpp">
      <Filter>Content</Filter>
    </ClCompile>
    <FxCompile Include="Content\SamplePixelShader.hlsl">
      <Filter>Content</Filter>
    </FxCompile>
    <FxCompile Include="Content\SampleVertexShader.hlsl">
      <Filter>Content</Filter>
    </FxCompile>
    <Image Include="Assets\LockScreenLogo.scale-200.png">
      <Filter>Assets</Filter>
    </Image>
    <Image Include="Assets\SplashScreen.scale-200.png">
      <Filter>Assets</Filter>
    </Image>
    <Image Include="Assets\Square150x150Logo.scale-200.png">
      <Filter>Assets</Filter>
    </Image>
    <Image Include="Assets\Square44x44Logo.scale-200.png">
      <Filter>Assets</Filter>
    </Image>
    <Image Include="Assets\Square44x44Logo.targetsize-24_altform-unplated.png">
      <Filter>Assets</Filter>
    </Image>
    <Image Include="Assets\StoreLogo.png">
      <Filter>Assets</Filter>
    </Image>
    <Image Include="Assets\Wide310x150Logo.scale-200.png">
      <Filter>Assets</Filter>
    </Image>
    <Filter Include="Interfaces">
      <UniqueIdentifier>{50ac0641-8c9b-4448-a1d8-8e26235b3416}</UniqueIdentifier>
    </Filter>
    <Filter Include="Player">
      <UniqueIdentifier>{8b366ab3-cf34-4fb9-95dc-a64c6e6e0b80}</UniqueIdentifier>
    </Filter>
    <Filter Include="Graphics">
      <UniqueIdentifier>{bb2eed36-faad-47a6-b190-ee0834284b67}</UniqueIdentifier>
    </Filter>
    <Filter Include="Physics">
      <UniqueIdentifier>{b7ef7fb0-33e5-410e-8fb3-3ef3cd9312f1}</UniqueIdentifier>
    </Filter>
    <Filter Include="Input">
      <UniqueIdentifier>{2cffe982-c424-4454-8894-3caec8d1f512}</UniqueIdentifier>
    </Filter>
    <Filter Include="Audio">
      <UniqueIdentifier>{32ab3ebc-eee0-499d-bd5c-138e8610f811}</UniqueIdentifier>
    </Filter>
    <Filter Include="GameObjects">
      <UniqueIdentifier>{461d2841-cafc-4e36-96e5-b25739691825}</UniqueIdentifier>
    </Filter>
  </ItemGroup>
  <ItemGroup>
    <ClCompile Include="App.cpp" />
    <ClCompile Include="IridiumEngineMain.cpp" />
    <ClCompile Include="pch.cpp" />
    <ClCompile Include="Content\Interfaces\ITransformableInterface.cpp">
      <Filter>Interfaces</Filter>
    </ClCompile>
    <ClCompile Include="Content\Interfaces\IAudible.cpp">
      <Filter>Interfaces</Filter>
    </ClCompile>
    <ClCompile Include="Content\Interfaces\IColliderInterface.cpp">
      <Filter>Interfaces</Filter>
    </ClCompile>
    <ClCompile Include="Content\Interfaces\IDeviceNotify.cpp">
      <Filter>Interfaces</Filter>
    </ClCompile>
    <ClCompile Include="Content\Interfaces\IDrawable.cpp">
      <Filter>Interfaces</Filter>
    </ClCompile>
    <ClCompile Include="Content\Interfaces\IMeshable.cpp">
      <Filter>Interfaces</Filter>
    </ClCompile>
    <ClCompile Include="Content\Physics\PhysicsEngine.cpp">
      <Filter>Physics</Filter>
    </ClCompile>
    <ClCompile Include="Content\Graphics\GameRenderer.cpp">
      <Filter>Graphics</Filter>
    </ClCompile>
    <ClCompile Include="Content\Player\PlayerController.cpp">
      <Filter>Player</Filter>
    </ClCompile>
    <ClCompile Include="Content\Input\InputManager.cpp">
      <Filter>Input</Filter>
    </ClCompile>
    <ClCompile Include="Content\Audio\AudioEngine.cpp">
      <Filter>Audio</Filter>
    </ClCompile>
    <ClCompile Include="Content\GameObjects\GameObject.cpp">
      <Filter>GameObjects</Filter>
    </ClCompile>
  </ItemGroup>
  <ItemGroup>
    <ClInclude Include="App.h" />
    <ClInclude Include="IridiumEngineMain.h" />
    <ClInclude Include="pch.h" />
    <ClInclude Include="Content\Physics\PhysicsEngine.h">
      <Filter>Physics</Filter>
    </ClInclude>
    <ClInclude Include="Content\Graphics\GameRenderer.h">
      <Filter>Graphics</Filter>
    </ClInclude>
    <ClInclude Include="Content\Player\PlayerController.h">
      <Filter>Player</Filter>
    </ClInclude>
    <ClInclude Include="Content\Input\InputManager.h">
      <Filter>Input</Filter>
    </ClInclude>
    <ClInclude Include="Content\Audio\AudioEngine.h">
      <Filter>Audio</Filter>
    </ClInclude>
    <ClInclude Include="Content\GameObjects\GameObject.h">
      <Filter>GameObjects</Filter>
    </ClInclude>
  </ItemGroup>
  <ItemGroup>
    <AppxManifest Include="Package.appxmanifest" />
  </ItemGroup>
  <ItemGroup>
    <None Include="IridiumEngine_TemporaryKey.pfx" />
  </ItemGroup>
</Project>