<?xml version="1.0" encoding="utf-8"?>
<Project ToolsVersion="4.0" xmlns="http://schemas.microsoft.com/developer/msbuild/2003">
  <ItemGroup>
    <Filter Include="Source Files">
      <UniqueIdentifier>{4FC737F1-C7A5-4376-A066-2A32D752A2FF}</UniqueIdentifier>
      <Extensions>cpp;c;cc;cxx;def;odl;idl;hpj;bat;asm;asmx</Extensions>
    </Filter>
    <Filter Include="Header Files">
      <UniqueIdentifier>{93995380-89BD-4b04-88EB-625FBE52EBFB}</UniqueIdentifier>
      <Extensions>h;hh;hpp;hxx;hm;inl;inc;ipp;xsd</Extensions>
    </Filter>
    <Filter Include="Resource Files">
      <UniqueIdentifier>{67DA6AB6-F800-4c08-8B7A-83BB121AAD01}</UniqueIdentifier>
      <Extensions>rc;ico;cur;bmp;dlg;rc2;rct;bin;rgs;gif;jpg;jpeg;jpe;resx;tiff;tif;png;wav;mfcribbon-ms</Extensions>
    </Filter>
    <Filter Include="Source Files\Engine">
      <UniqueIdentifier>{8342c80f-9d1f-42a4-a07b-d2e34ba5f7a1}</UniqueIdentifier>
    </Filter>
    <Filter Include="Source Files\Engine\Input">
      <UniqueIdentifier>{48670e12-cd30-45af-b481-8162c336a2a4}</UniqueIdentifier>
    </Filter>
    <Filter Include="Source Files\Engine\Graphics">
      <UniqueIdentifier>{19f8017e-d6ef-48ab-b690-261029a9a72c}</UniqueIdentifier>
    </Filter>
    <Filter Include="Source Files\Engine\Graphics\UI">
      <UniqueIdentifier>{155a70a9-955f-49e4-bcf9-b58810164a6c}</UniqueIdentifier>
    </Filter>
    <Filter Include="Source Files\Engine\Graphics\UI\Text">
      <UniqueIdentifier>{9a694a7b-8ff1-4b75-bc5e-c8d669695389}</UniqueIdentifier>
    </Filter>
    <Filter Include="Source Files\Engine\Event">
      <UniqueIdentifier>{e37d7bdb-774c-4575-bbdb-b0d41a3d4600}</UniqueIdentifier>
    </Filter>
    <Filter Include="Header Files\Engine">
      <UniqueIdentifier>{c7516e2a-8e5a-4ff4-8034-a0bd0cf43b0c}</UniqueIdentifier>
    </Filter>
    <Filter Include="Header Files\Engine\Event">
      <UniqueIdentifier>{64470adf-7a0f-460f-90de-13bc2edbc2df}</UniqueIdentifier>
    </Filter>
    <Filter Include="Header Files\Engine\Graphics">
      <UniqueIdentifier>{0baa9a6d-6d7d-4264-9b5e-cc0c45681399}</UniqueIdentifier>
    </Filter>
    <Filter Include="Header Files\Engine\Input">
      <UniqueIdentifier>{25660820-9114-4453-a84a-c84bcc1ff4cb}</UniqueIdentifier>
    </Filter>
    <Filter Include="Header Files\External Tools">
      <UniqueIdentifier>{cfee6eae-ff3e-42b2-b229-7ed4504d87ec}</UniqueIdentifier>
    </Filter>
    <Filter Include="Header Files\Engine\Lua">
      <UniqueIdentifier>{6e766724-b17d-4d79-a30b-5b017a873727}</UniqueIdentifier>
    </Filter>
    <Filter Include="Source Files\Engine\Lua">
      <UniqueIdentifier>{b48b4c7e-f88f-4569-bdac-670296c5c511}</UniqueIdentifier>
    </Filter>
  </ItemGroup>
  <ItemGroup>
    <ClInclude Include="stdafx.h">
      <Filter>Header Files</Filter>
    </ClInclude>
    <ClInclude Include="targetver.h">
      <Filter>Header Files</Filter>
    </ClInclude>
    <ClInclude Include="Engine\IrEngine.h">
      <Filter>Header Files\Engine</Filter>
    </ClInclude>
    <ClInclude Include="Engine\Graphics\D2DSystem.h">
      <Filter>Header Files\Engine\Graphics</Filter>
    </ClInclude>
    <ClInclude Include="Engine\Graphics\D3DSystem.h">
      <Filter>Header Files\Engine\Graphics</Filter>
    </ClInclude>
    <ClInclude Include="Engine\Graphics\UI\Text\DWriteSystem.h">
      <Filter>Header Files\Engine\Graphics</Filter>
    </ClInclude>
    <ClInclude Include="Engine\Graphics\GraphicsManager.h">
      <Filter>Header Files\Engine\Graphics</Filter>
    </ClInclude>
    <ClInclude Include="Engine\Event\IEventManager.h">
      <Filter>Header Files\Engine\Event</Filter>
    </ClInclude>
    <ClInclude Include="Engine\Input\InputManager.h">
      <Filter>Header Files\Engine\Input</Filter>
    </ClInclude>
    <ClInclude Include="Resource.h">
      <Filter>Header Files</Filter>
    </ClInclude>
    <ClInclude Include="ExternalTools\FastDelegate.h">
      <Filter>Header Files\External Tools</Filter>
    </ClInclude>
    <ClInclude Include="Engine\Event\Events.h">
      <Filter>Header Files\Engine\Event</Filter>
    </ClInclude>
    <ClInclude Include="Engine\Event\EventManager.h">
      <Filter>Header Files\Engine\Event</Filter>
    </ClInclude>
    <ClInclude Include="Engine\Lua\LuaScriptManager.h">
      <Filter>Header Files\Engine\Lua</Filter>
    </ClInclude>
  </ItemGroup>
  <ItemGroup>
    <ClCompile Include="stdafx.cpp">
      <Filter>Source Files</Filter>
    </ClCompile>
    <ClCompile Include="main.cpp">
      <Filter>Source Files</Filter>
    </ClCompile>
    <ClCompile Include="IrEngine.cpp">
      <Filter>Source Files\Engine</Filter>
    </ClCompile>
    <ClCompile Include="GraphicsManager.cpp">
      <Filter>Source Files\Engine\Graphics</Filter>
    </ClCompile>
    <ClCompile Include="InputManager.cpp">
      <Filter>Source Files\Engine\Input</Filter>
    </ClCompile>
    <ClCompile Include="DWriteSystem.cpp">
      <Filter>Source Files\Engine\Graphics\UI\Text</Filter>
    </ClCompile>
    <ClCompile Include="D3DSystem.cpp">
      <Filter>Source Files\Engine\Graphics</Filter>
    </ClCompile>
    <ClCompile Include="D2DSystem.cpp">
      <Filter>Source Files\Engine\Graphics</Filter>
    </ClCompile>
    <ClCompile Include="IEventManager.cpp">
      <Filter>Source Files\Engine\Event</Filter>
    </ClCompile>
    <ClCompile Include="Events.cpp">
      <Filter>Source Files\Engine\Event</Filter>
    </ClCompile>
    <ClCompile Include="EventManager.cpp">
      <Filter>Source Files\Engine\Event</Filter>
    </ClCompile>
    <ClCompile Include="LuaScriptManager.cpp">
      <Filter>Source Files\Engine\Lua</Filter>
    </ClCompile>
  </ItemGroup>
  <ItemGroup>
    <ResourceCompile Include="IridiumEngine.rc">
      <Filter>Resource Files</Filter>
    </ResourceCompile>
  </ItemGroup>
  <ItemGroup>
    <Image Include="small.ico">
      <Filter>Resource Files</Filter>
    </Image>
    <Image Include="IridiumEngine.ico">
      <Filter>Resource Files</Filter>
    </Image>
  </ItemGroup>
</Project>